
Microsoft Visual Studio Solution File, Format Version 12.00
# Visual Studio Version 17
VisualStudioVersion = 17.7.34202.233
MinimumVisualStudioVersion = 10.0.40219.1
Project("{FAE04EC0-301F-11D3-BF4B-00C04F79EFBC}") = "TP2-REST", "TP2-REST\TP2-REST.csproj", "{327F1654-FC62-4548-9404-D9BDA9276E56}"
EndProject
Project("{FAE04EC0-301F-11D3-BF4B-00C04F79EFBC}") = "Domain", "Domain\Domain.csproj", "{6BD0086A-E64C-4383-A84B-CDA1198BACFB}"
EndProject
Project("{FAE04EC0-301F-11D3-BF4B-00C04F79EFBC}") = "Infrastructure", "Infrastructure\Infrastructure.csproj", "{673C2A1C-AD3E-4A29-BD24-348CCDA32A20}"
EndProject
Project("{FAE04EC0-301F-11D3-BF4B-00C04F79EFBC}") = "Application", "Application\Application.csproj", "{FEB2E8C2-981F-48AA-B39A-9244D5F6C2CF}"
EndProject
Global
	GlobalSection(SolutionConfigurationPlatforms) = preSolution
		Debug|Any CPU = Debug|Any CPU
		Release|Any CPU = Release|Any CPU
	EndGlobalSection
	GlobalSection(ProjectConfigurationPlatforms) = postSolution
		{327F1654-FC62-4548-9404-D9BDA9276E56}.Debug|Any CPU.ActiveCfg = Debug|Any CPU
		{327F1654-FC62-4548-9404-D9BDA9276E56}.Debug|Any CPU.Build.0 = Debug|Any CPU
		{327F1654-FC62-4548-9404-D9BDA9276E56}.Release|Any CPU.ActiveCfg = Release|Any CPU
		{327F1654-FC62-4548-9404-D9BDA9276E56}.Release|Any CPU.Build.0 = Release|Any CPU
		{6BD0086A-E64C-4383-A84B-CDA1198BACFB}.Debug|Any CPU.ActiveCfg = Debug|Any CPU
		{6BD0086A-E64C-4383-A84B-CDA1198BACFB}.Debug|Any CPU.Build.0 = Debug|Any CPU
		{6BD0086A-E64C-4383-A84B-CDA1198BACFB}.Release|Any CPU.ActiveCfg = Release|Any CPU
		{6BD0086A-E64C-4383-A84B-CDA1198BACFB}.Release|Any CPU.Build.0 = Release|Any CPU
		{673C2A1C-AD3E-4A29-BD24-348CCDA32A20}.Debug|Any CPU.ActiveCfg = Debug|Any CPU
		{673C2A1C-AD3E-4A29-BD24-348CCDA32A20}.Debug|Any CPU.Build.0 = Debug|Any CPU
		{673C2A1C-AD3E-4A29-BD24-348CCDA32A20}.Release|Any CPU.ActiveCfg = Release|Any CPU
		{673C2A1C-AD3E-4A29-BD24-348CCDA32A20}.Release|Any CPU.Build.0 = Release|Any CPU
		{FEB2E8C2-981F-48AA-B39A-9244D5F6C2CF}.Debug|Any CPU.ActiveCfg = Debug|Any CPU
		{FEB2E8C2-981F-48AA-B39A-9244D5F6C2CF}.Debug|Any CPU.Build.0 = Debug|Any CPU
		{FEB2E8C2-981F-48AA-B39A-9244D5F6C2CF}.Release|Any CPU.ActiveCfg = Release|Any CPU
		{FEB2E8C2-981F-48AA-B39A-9244D5F6C2CF}.Release|Any CPU.Build.0 = Release|Any CPU
	EndGlobalSection
	GlobalSection(SolutionProperties) = preSolution
		HideSolutionNode = FALSE
	EndGlobalSection
	GlobalSection(ExtensibilityGlobals) = postSolution
		SolutionGuid = {BA561261-78A3-456A-AA48-3862CE9A98A0}
	EndGlobalSection
EndGlobal
